
Microsoft Visual Studio Solution File, Format Version 12.00
# Visual Studio 15
VisualStudioVersion = 15.0.27130.2027
MinimumVisualStudioVersion = 10.0.40219.1
Project("{FAE04EC0-301F-11D3-BF4B-00C04F79EFBC}") = "LuisZanellaProva.WinApp", "LuisZanellaProva.WinApp\LuisZanellaProva.WinApp.csproj", "{8A02586C-1E3D-4687-BA25-22BF5675930E}"
EndProject
Project("{2150E333-8FDC-42A3-9474-1A3956D46DE8}") = "1.Apresentação", "1.Apresentação", "{3D116E63-2D0D-44B8-B0E9-05CDF38975C4}"
EndProject
Project("{2150E333-8FDC-42A3-9474-1A3956D46DE8}") = "2.Aplicação", "2.Aplicação", "{E593DB04-6F92-48FA-B30F-E35F39D21356}"
EndProject
Project("{2150E333-8FDC-42A3-9474-1A3956D46DE8}") = "3.Dominio", "3.Dominio", "{23230532-29DE-494A-B01B-D8EE941DCBD2}"
EndProject
Project("{2150E333-8FDC-42A3-9474-1A3956D46DE8}") = "4.Infraestrutura", "4.Infraestrutura", "{786D1DE0-BA3F-494C-8EBA-151EC4B14034}"
EndProject
Project("{2150E333-8FDC-42A3-9474-1A3956D46DE8}") = "5.Database", "5.Database", "{91B3117E-9238-426C-956C-4EA79E549E10}"
EndProject
Project("{FAE04EC0-301F-11D3-BF4B-00C04F79EFBC}") = "LuisZanellaProva.Aplicacao", "LuisZanellaProva.Aplicacao\LuisZanellaProva.Aplicacao.csproj", "{4B08884D-7C26-4442-8CD8-BE892A00C9AC}"
EndProject
Project("{FAE04EC0-301F-11D3-BF4B-00C04F79EFBC}") = "LuisZanellaProva.Dominio", "LuisZanellaProva.Dominio\LuisZanellaProva.Dominio.csproj", "{2494C12D-8D51-4EF7-814B-4DBB47E9A158}"
EndProject
Project("{FAE04EC0-301F-11D3-BF4B-00C04F79EFBC}") = "LuisZanellaProva.Infra", "LuisZanellaProva.Infra\LuisZanellaProva.Infra.csproj", "{A163DCB6-5EF0-4023-9F12-D37F12B32AF2}"
EndProject
Project("{FAE04EC0-301F-11D3-BF4B-00C04F79EFBC}") = "LuisZanellaProva.Infra.Data", "LuisZanellaProva.Infra.Data\LuisZanellaProva.Infra.Data.csproj", "{FF2723C0-C7E9-494A-BFC0-137E2A32BE61}"
EndProject
Project("{00D1A9C2-B5F0-4AF3-8072-F6C62B433612}") = "LuisZanellaProva.Database", "LuisZanellaProva.Database\LuisZanellaProva.Database.sqlproj", "{970A4563-6FBF-4B9D-9333-E14676DB2A47}"
EndProject
Global
	GlobalSection(SolutionConfigurationPlatforms) = preSolution
		Debug|Any CPU = Debug|Any CPU
		Release|Any CPU = Release|Any CPU
	EndGlobalSection
	GlobalSection(ProjectConfigurationPlatforms) = postSolution
		{8A02586C-1E3D-4687-BA25-22BF5675930E}.Debug|Any CPU.ActiveCfg = Debug|Any CPU
		{8A02586C-1E3D-4687-BA25-22BF5675930E}.Debug|Any CPU.Build.0 = Debug|Any CPU
		{8A02586C-1E3D-4687-BA25-22BF5675930E}.Release|Any CPU.ActiveCfg = Release|Any CPU
		{8A02586C-1E3D-4687-BA25-22BF5675930E}.Release|Any CPU.Build.0 = Release|Any CPU
		{4B08884D-7C26-4442-8CD8-BE892A00C9AC}.Debug|Any CPU.ActiveCfg = Debug|Any CPU
		{4B08884D-7C26-4442-8CD8-BE892A00C9AC}.Debug|Any CPU.Build.0 = Debug|Any CPU
		{4B08884D-7C26-4442-8CD8-BE892A00C9AC}.Release|Any CPU.ActiveCfg = Release|Any CPU
		{4B08884D-7C26-4442-8CD8-BE892A00C9AC}.Release|Any CPU.Build.0 = Release|Any CPU
		{2494C12D-8D51-4EF7-814B-4DBB47E9A158}.Debug|Any CPU.ActiveCfg = Debug|Any CPU
		{2494C12D-8D51-4EF7-814B-4DBB47E9A158}.Debug|Any CPU.Build.0 = Debug|Any CPU
		{2494C12D-8D51-4EF7-814B-4DBB47E9A158}.Release|Any CPU.ActiveCfg = Release|Any CPU
		{2494C12D-8D51-4EF7-814B-4DBB47E9A158}.Release|Any CPU.Build.0 = Release|Any CPU
		{A163DCB6-5EF0-4023-9F12-D37F12B32AF2}.Debug|Any CPU.ActiveCfg = Debug|Any CPU
		{A163DCB6-5EF0-4023-9F12-D37F12B32AF2}.Debug|Any CPU.Build.0 = Debug|Any CPU
		{A163DCB6-5EF0-4023-9F12-D37F12B32AF2}.Release|Any CPU.ActiveCfg = Release|Any CPU
		{A163DCB6-5EF0-4023-9F12-D37F12B32AF2}.Release|Any CPU.Build.0 = Release|Any CPU
		{FF2723C0-C7E9-494A-BFC0-137E2A32BE61}.Debug|Any CPU.ActiveCfg = Debug|Any CPU
		{FF2723C0-C7E9-494A-BFC0-137E2A32BE61}.Debug|Any CPU.Build.0 = Debug|Any CPU
		{FF2723C0-C7E9-494A-BFC0-137E2A32BE61}.Release|Any CPU.ActiveCfg = Release|Any CPU
		{FF2723C0-C7E9-494A-BFC0-137E2A32BE61}.Release|Any CPU.Build.0 = Release|Any CPU
		{970A4563-6FBF-4B9D-9333-E14676DB2A47}.Debug|Any CPU.ActiveCfg = Debug|Any CPU
		{970A4563-6FBF-4B9D-9333-E14676DB2A47}.Debug|Any CPU.Build.0 = Debug|Any CPU
		{970A4563-6FBF-4B9D-9333-E14676DB2A47}.Debug|Any CPU.Deploy.0 = Debug|Any CPU
		{970A4563-6FBF-4B9D-9333-E14676DB2A47}.Release|Any CPU.ActiveCfg = Release|Any CPU
		{970A4563-6FBF-4B9D-9333-E14676DB2A47}.Release|Any CPU.Build.0 = Release|Any CPU
		{970A4563-6FBF-4B9D-9333-E14676DB2A47}.Release|Any CPU.Deploy.0 = Release|Any CPU
	EndGlobalSection
	GlobalSection(SolutionProperties) = preSolution
		HideSolutionNode = FALSE
	EndGlobalSection
	GlobalSection(NestedProjects) = preSolution
		{8A02586C-1E3D-4687-BA25-22BF5675930E} = {3D116E63-2D0D-44B8-B0E9-05CDF38975C4}
		{4B08884D-7C26-4442-8CD8-BE892A00C9AC} = {E593DB04-6F92-48FA-B30F-E35F39D21356}
		{2494C12D-8D51-4EF7-814B-4DBB47E9A158} = {23230532-29DE-494A-B01B-D8EE941DCBD2}
		{A163DCB6-5EF0-4023-9F12-D37F12B32AF2} = {786D1DE0-BA3F-494C-8EBA-151EC4B14034}
		{FF2723C0-C7E9-494A-BFC0-137E2A32BE61} = {786D1DE0-BA3F-494C-8EBA-151EC4B14034}
		{970A4563-6FBF-4B9D-9333-E14676DB2A47} = {91B3117E-9238-426C-956C-4EA79E549E10}
	EndGlobalSection
	GlobalSection(ExtensibilityGlobals) = postSolution
		SolutionGuid = {48462BA5-0C09-4833-9440-2768155DF767}
	EndGlobalSection
EndGlobal
